
Microsoft Visual Studio Solution File, Format Version 12.00
# Visual Studio Version 17
VisualStudioVersion = 17.9.34728.123
MinimumVisualStudioVersion = 10.0.40219.1
Project("{FAE04EC0-301F-11D3-BF4B-00C04F79EFBC}") = "Network Packet Analyzer App", "Network Packet Analyzer App\Network Packet Analyzer App.csproj", "{0CEAF109-1831-4D71-AB1F-CA2E156FD869}"
EndProject
Global
	GlobalSection(SolutionConfigurationPlatforms) = preSolution
		Debug|Any CPU = Debug|Any CPU
		Debug|x64 = Debug|x64
		Release|Any CPU = Release|Any CPU
		Release|x64 = Release|x64
	EndGlobalSection
	GlobalSection(ProjectConfigurationPlatforms) = postSolution
		{0CEAF109-1831-4D71-AB1F-CA2E156FD869}.Debug|Any CPU.ActiveCfg = Debug|Any CPU
		{0CEAF109-1831-4D71-AB1F-CA2E156FD869}.Debug|Any CPU.Build.0 = Debug|Any CPU
		{0CEAF109-1831-4D71-AB1F-CA2E156FD869}.Debug|x64.ActiveCfg = Debug|x64
		{0CEAF109-1831-4D71-AB1F-CA2E156FD869}.Debug|x64.Build.0 = Debug|x64
		{0CEAF109-1831-4D71-AB1F-CA2E156FD869}.Release|Any CPU.ActiveCfg = Release|Any CPU
		{0CEAF109-1831-4D71-AB1F-CA2E156FD869}.Release|Any CPU.Build.0 = Release|Any CPU
		{0CEAF109-1831-4D71-AB1F-CA2E156FD869}.Release|x64.ActiveCfg = Release|Any CPU
		{0CEAF109-1831-4D71-AB1F-CA2E156FD869}.Release|x64.Build.0 = Release|Any CPU
	EndGlobalSection
	GlobalSection(SolutionProperties) = preSolution
		HideSolutionNode = FALSE
	EndGlobalSection
	GlobalSection(ExtensibilityGlobals) = postSolution
		SolutionGuid = {AB84D5F6-637F-4B37-A309-0CE536B74982}
	EndGlobalSection
EndGlobal
